
Microsoft Visual Studio Solution File, Format Version 12.00
# Visual Studio Version 16
VisualStudioVersion = 16.0.32002.261
MinimumVisualStudioVersion = 10.0.40219.1
Project("{FAE04EC0-301F-11D3-BF4B-00C04F79EFBC}") = "Circumference", "Circumference\Circumference.csproj", "{4C884C2D-D7C0-4C64-9DB6-57AF61A2CB88}"
EndProject
Global
	GlobalSection(SolutionConfigurationPlatforms) = preSolution
		Debug|Any CPU = Debug|Any CPU
		Release|Any CPU = Release|Any CPU
	EndGlobalSection
	GlobalSection(ProjectConfigurationPlatforms) = postSolution
		{4C884C2D-D7C0-4C64-9DB6-57AF61A2CB88}.Debug|Any CPU.ActiveCfg = Debug|Any CPU
		{4C884C2D-D7C0-4C64-9DB6-57AF61A2CB88}.Debug|Any CPU.Build.0 = Debug|Any CPU
		{4C884C2D-D7C0-4C64-9DB6-57AF61A2CB88}.Release|Any CPU.ActiveCfg = Release|Any CPU
		{4C884C2D-D7C0-4C64-9DB6-57AF61A2CB88}.Release|Any CPU.Build.0 = Release|Any CPU
	EndGlobalSection
	GlobalSection(SolutionProperties) = preSolution
		HideSolutionNode = FALSE
	EndGlobalSection
	GlobalSection(ExtensibilityGlobals) = postSolution
		SolutionGuid = {7C536041-3D31-4F71-ACD8-7EC985BF4D00}
	EndGlobalSection
EndGlobal
